hash: cf7bbdfb2bac716ad5202eb3aa2fd53aff0a7f6e6e83cf30d6ca2be8094b8b2f
updated: 2018-02-23T00:40:04.685836053+08:00
imports:
- name: github.com/casbin/casbin
  version: 3a17f2855cc12ad36fd614c590b9d18f46dfd65d
- name: github.com/dgrijalva/jwt-go
  version: dbeaa9332f19a944acb5736b4456cfcc02140e29
- name: github.com/gin-gonic/gin
  version: d459835d2b077e44f7c9b453505ee29881d5d12d
- name: github.com/jinzhu/gorm
  version: 5174cc5c242a728b435ea2be8a2f7f998e15429b
- name: github.com/joho/godotenv
  version: a79fa1e548e2c689c241d10173efd51e5d689d5b
- name: github.com/jteeuwen/go-bindata
  version: bbd0c6e271208dce66d8fda4bc536453cd27fc4a
- name: github.com/mattes/migrate
  version: 035c07716cd373d88456ec4d701402df52584cb4
- name: github.com/sirupsen/logrus
  version: d682213848ed68c0a260ca37d6dd5ace8423f5ba
- name: github.com/urfave/cli
  version: cfb38830724cc34fedffe9a2a29fb54fa9169cd1
- name: golang.org/x/crypto
  version: 432090b8f568c018896cd8a0fb0345872bbac6ce
  subpackages:
  - ssh/terminal
- name: golang.org/x/sys
  version: 37707fdb30a5b38865cfb95e5aab41707daec7fd
  subpackages:
  - unix
  - windows
testImports: []
